
Microsoft Visual Studio Solution File, Format Version 12.00
# Visual Studio Version 17
VisualStudioVersion = 17.4.33205.214
MinimumVisualStudioVersion = 10.0.40219.1
Project("{FAE04EC0-301F-11D3-BF4B-00C04F79EFBC}") = "Test", "Test.csproj", "{38171A85-F382-44D5-BB21-2527015E8619}"
EndProject
Global
	GlobalSection(SolutionConfigurationPlatforms) = preSolution
		Debug|Any CPU = Debug|Any CPU
		Release|Any CPU = Release|Any CPU
	EndGlobalSection
	GlobalSection(ProjectConfigurationPlatforms) = postSolution
		{38171A85-F382-44D5-BB21-2527015E8619}.Debug|Any CPU.ActiveCfg = Debug|Any CPU
		{38171A85-F382-44D5-BB21-2527015E8619}.Debug|Any CPU.Build.0 = Debug|Any CPU
		{38171A85-F382-44D5-BB21-2527015E8619}.Release|Any CPU.ActiveCfg = Release|Any CPU
		{38171A85-F382-44D5-BB21-2527015E8619}.Release|Any CPU.Build.0 = Release|Any CPU
	EndGlobalSection
	GlobalSection(SolutionProperties) = preSolution
		HideSolutionNode = FALSE
	EndGlobalSection
	GlobalSection(ExtensibilityGlobals) = postSolution
		SolutionGuid = {C9F24115-7F2B-4AED-9593-6502B2FF11AF}
	EndGlobalSection
EndGlobal
